#MicroXplorer Configuration settings - do not modify
ADC1.Channel-1\#ChannelRegularConversion=ADC_CHANNEL_1
ADC1.Channel-2\#ChannelRegularConversion=ADC_CHANNEL_2
ADC1.Channel-3\#ChannelRegularConversion=ADC_CHANNEL_3
ADC1.Channel-4\#ChannelRegularConversion=ADC_CHANNEL_4
ADC1.Channel-5\#ChannelRegularConversion=ADC_CHANNEL_5
ADC1.Channel-6\#ChannelRegularConversion=ADC_CHANNEL_TEMPSENSOR
ADC1.Channel-7\#ChannelRegularConversion=ADC_CHANNEL_VREFINT
ADC1.Channel-IN0=ADC_CHANNEL_0
ADC1.Channel-IN1=ADC_CHANNEL_1
ADC1.Channel-IN2=ADC_CHANNEL_2
ADC1.Channel-IN3=ADC_CHANNEL_3
ADC1.Channel-IN4=ADC_CHANNEL_4
ADC1.Channel-IN5=ADC_CHANNEL_5
ADC1.ClockPrescaler=ADC_CLOCK_SYNC_PCLK_DIV8
ADC1.ContinuousConvMode=ENABLE
ADC1.DMAContinuousRequests=DISABLE
ADC1.DataAlign=ADC_DATAALIGN_RIGHT
ADC1.DiscontinuousConvMode=DISABLE
ADC1.EOCSelection=ADC_EOC_SEQ_CONV
ADC1.EnableAnalogWatchDog=false
ADC1.ExternalTrigConv=ADC_SOFTWARE_START
ADC1.ExternalTrigConvEdge=ADC_EXTERNALTRIGCONVEDGE_NONE
ADC1.IPParameters=Channel-IN0,Channel-IN1,Channel-IN2,Channel-IN3,Channel-IN4,Channel-IN5,Mode,ClockPrescaler,Resolution,DataAlign,ScanConvMode,ContinuousConvMode,DiscontinuousConvMode,DMAContinuousRequests,EOCSelection,NbrOfConversion,ExternalTrigConv,ExternalTrigConvEdge,InjNumberOfConversion,EnableAnalogWatchDog,Rank-0\#ChannelRegularConversion,SamplingTime-0\#ChannelRegularConversion,master,Rank-1\#ChannelRegularConversion,Channel-1\#ChannelRegularConversion,SamplingTime-1\#ChannelRegularConversion,Rank-2\#ChannelRegularConversion,Channel-2\#ChannelRegularConversion,SamplingTime-2\#ChannelRegularConversion,Rank-3\#ChannelRegularConversion,Channel-3\#ChannelRegularConversion,SamplingTime-3\#ChannelRegularConversion,Rank-4\#ChannelRegularConversion,Channel-4\#ChannelRegularConversion,SamplingTime-4\#ChannelRegularConversion,Rank-5\#ChannelRegularConversion,Channel-5\#ChannelRegularConversion,SamplingTime-5\#ChannelRegularConversion,Rank-6\#ChannelRegularConversion,Channel-6\#ChannelRegularConversion,SamplingTime-6\#ChannelRegularConversion,Rank-7\#ChannelRegularConversion,Channel-7\#ChannelRegularConversion,SamplingTime-7\#ChannelRegularConversion
ADC1.InjNumberOfConversion=0
ADC1.Mode=__NULL
ADC1.NbrOfConversion=8
ADC1.Rank-0\#ChannelRegularConversion=1
ADC1.Rank-1\#ChannelRegularConversion=2
ADC1.Rank-2\#ChannelRegularConversion=3
ADC1.Rank-3\#ChannelRegularConversion=4
ADC1.Rank-4\#ChannelRegularConversion=5
ADC1.Rank-5\#ChannelRegularConversion=6
ADC1.Rank-6\#ChannelRegularConversion=7
ADC1.Rank-7\#ChannelRegularConversion=8
ADC1.Resolution=ADC_RESOLUTION_12B
ADC1.SamplingTime-0\#ChannelRegularConversion=ADC_SAMPLETIME_15CYCLES
ADC1.SamplingTime-1\#ChannelRegularConversion=ADC_SAMPLETIME_15CYCLES
ADC1.SamplingTime-2\#ChannelRegularConversion=ADC_SAMPLETIME_15CYCLES
ADC1.SamplingTime-3\#ChannelRegularConversion=ADC_SAMPLETIME_15CYCLES
ADC1.SamplingTime-4\#ChannelRegularConversion=ADC_SAMPLETIME_15CYCLES
ADC1.SamplingTime-5\#ChannelRegularConversion=ADC_SAMPLETIME_15CYCLES
ADC1.SamplingTime-6\#ChannelRegularConversion=ADC_SAMPLETIME_15CYCLES
ADC1.SamplingTime-7\#ChannelRegularConversion=ADC_SAMPLETIME_15CYCLES
ADC1.ScanConvMode=ENABLE
ADC1.master=1
CAD.formats=[]
CAD.pinconfig=Dual
CAD.provider=Component Search Engine
Dma.ADC1.4.Direction=DMA_PERIPH_TO_MEMORY
Dma.ADC1.4.FIFOMode=DMA_FIFOMODE_ENABLE
Dma.ADC1.4.FIFOThreshold=DMA_FIFO_THRESHOLD_FULL
Dma.ADC1.4.Instance=DMA2_Stream0
Dma.ADC1.4.MemBurst=DMA_MBURST_SINGLE
Dma.ADC1.4.MemDataAlignment=DMA_MDATAALIGN_HALFWORD
Dma.ADC1.4.MemInc=DMA_MINC_ENABLE
Dma.ADC1.4.Mode=DMA_NORMAL
Dma.ADC1.4.PeriphBurst=DMA_PBURST_SINGLE
Dma.ADC1.4.PeriphDataAlignment=DMA_PDATAALIGN_HALFWORD
Dma.ADC1.4.PeriphInc=DMA_PINC_DISABLE
Dma.ADC1.4.Priority=DMA_PRIORITY_LOW
Dma.ADC1.4.RequestParameters=Instance,Direction,PeriphInc,MemInc,PeriphDataAlignment,MemDataAlignment,Mode,Priority,FIFOMode,FIFOThreshold,MemBurst,PeriphBurst
Dma.Request0=USART1_RX
Dma.Request1=TIM4_CH3
Dma.Request2=TIM2_CH1
Dma.Request3=TIM4_CH1
Dma.Request4=ADC1
Dma.RequestsNb=5
Dma.TIM2_CH1.2.Direction=DMA_PERIPH_TO_MEMORY
Dma.TIM2_CH1.2.FIFOMode=DMA_FIFOMODE_ENABLE
Dma.TIM2_CH1.2.FIFOThreshold=DMA_FIFO_THRESHOLD_FULL
Dma.TIM2_CH1.2.Instance=DMA1_Stream5
Dma.TIM2_CH1.2.MemBurst=DMA_MBURST_SINGLE
Dma.TIM2_CH1.2.MemDataAlignment=DMA_MDATAALIGN_WORD
Dma.TIM2_CH1.2.MemInc=DMA_MINC_ENABLE
Dma.TIM2_CH1.2.Mode=DMA_NORMAL
Dma.TIM2_CH1.2.PeriphBurst=DMA_PBURST_SINGLE
Dma.TIM2_CH1.2.PeriphDataAlignment=DMA_PDATAALIGN_WORD
Dma.TIM2_CH1.2.PeriphInc=DMA_PINC_DISABLE
Dma.TIM2_CH1.2.Priority=DMA_PRIORITY_LOW
Dma.TIM2_CH1.2.RequestParameters=Instance,Direction,PeriphInc,MemInc,PeriphDataAlignment,MemDataAlignment,Mode,Priority,FIFOMode,FIFOThreshold,MemBurst,PeriphBurst
Dma.TIM4_CH1.3.Direction=DMA_PERIPH_TO_MEMORY
Dma.TIM4_CH1.3.FIFOMode=DMA_FIFOMODE_ENABLE
Dma.TIM4_CH1.3.FIFOThreshold=DMA_FIFO_THRESHOLD_FULL
Dma.TIM4_CH1.3.Instance=DMA1_Stream0
Dma.TIM4_CH1.3.MemBurst=DMA_MBURST_SINGLE
Dma.TIM4_CH1.3.MemDataAlignment=DMA_MDATAALIGN_HALFWORD
Dma.TIM4_CH1.3.MemInc=DMA_MINC_ENABLE
Dma.TIM4_CH1.3.Mode=DMA_NORMAL
Dma.TIM4_CH1.3.PeriphBurst=DMA_PBURST_SINGLE
Dma.TIM4_CH1.3.PeriphDataAlignment=DMA_PDATAALIGN_HALFWORD
Dma.TIM4_CH1.3.PeriphInc=DMA_PINC_DISABLE
Dma.TIM4_CH1.3.Priority=DMA_PRIORITY_LOW
Dma.TIM4_CH1.3.RequestParameters=Instance,Direction,PeriphInc,MemInc,PeriphDataAlignment,MemDataAlignment,Mode,Priority,FIFOMode,FIFOThreshold,MemBurst,PeriphBurst
Dma.TIM4_CH3.1.Direction=DMA_PERIPH_TO_MEMORY
Dma.TIM4_CH3.1.FIFOMode=DMA_FIFOMODE_ENABLE
Dma.TIM4_CH3.1.FIFOThreshold=DMA_FIFO_THRESHOLD_FULL
Dma.TIM4_CH3.1.Instance=DMA1_Stream7
Dma.TIM4_CH3.1.MemBurst=DMA_MBURST_SINGLE
Dma.TIM4_CH3.1.MemDataAlignment=DMA_MDATAALIGN_HALFWORD
Dma.TIM4_CH3.1.MemInc=DMA_MINC_ENABLE
Dma.TIM4_CH3.1.Mode=DMA_NORMAL
Dma.TIM4_CH3.1.PeriphBurst=DMA_PBURST_SINGLE
Dma.TIM4_CH3.1.PeriphDataAlignment=DMA_PDATAALIGN_HALFWORD
Dma.TIM4_CH3.1.PeriphInc=DMA_PINC_DISABLE
Dma.TIM4_CH3.1.Priority=DMA_PRIORITY_LOW
Dma.TIM4_CH3.1.RequestParameters=Instance,Direction,PeriphInc,MemInc,PeriphDataAlignment,MemDataAlignment,Mode,Priority,FIFOMode,FIFOThreshold,MemBurst,PeriphBurst
Dma.USART1_RX.0.Direction=DMA_PERIPH_TO_MEMORY
Dma.USART1_RX.0.FIFOMode=DMA_FIFOMODE_DISABLE
Dma.USART1_RX.0.Instance=DMA2_Stream2
Dma.USART1_RX.0.MemDataAlignment=DMA_MDATAALIGN_BYTE
Dma.USART1_RX.0.MemInc=DMA_MINC_ENABLE
Dma.USART1_RX.0.Mode=DMA_CIRCULAR
Dma.USART1_RX.0.PeriphDataAlignment=DMA_PDATAALIGN_BYTE
Dma.USART1_RX.0.PeriphInc=DMA_PINC_DISABLE
Dma.USART1_RX.0.Priority=DMA_PRIORITY_LOW
Dma.USART1_RX.0.RequestParameters=Instance,Direction,PeriphInc,MemInc,PeriphDataAlignment,MemDataAlignment,Mode,Priority,FIFOMode
File.Version=6
GPIO.groupedBy=Group By Peripherals
KeepUserPlacement=false
Mcu.CPN=STM32F401CCU6
Mcu.Family=STM32F4
Mcu.IP0=ADC1
Mcu.IP1=DMA
Mcu.IP10=USART1
Mcu.IP11=USB_DEVICE
Mcu.IP12=USB_OTG_FS
Mcu.IP2=NVIC
Mcu.IP3=RCC
Mcu.IP4=RTC
Mcu.IP5=SYS
Mcu.IP6=TIM2
Mcu.IP7=TIM3
Mcu.IP8=TIM4
Mcu.IP9=TIM5
Mcu.IPNb=13
Mcu.Name=STM32F401C(B-C)Ux
Mcu.Package=UFQFPN48
Mcu.Pin0=PC13-ANTI_TAMP
Mcu.Pin1=PC14-OSC32_IN
Mcu.Pin10=PA5
Mcu.Pin11=PA6
Mcu.Pin12=PA7
Mcu.Pin13=PB0
Mcu.Pin14=PB1
Mcu.Pin15=PB2
Mcu.Pin16=PB10
Mcu.Pin17=PB12
Mcu.Pin18=PB13
Mcu.Pin19=PB14
Mcu.Pin2=PC15-OSC32_OUT
Mcu.Pin20=PB15
Mcu.Pin21=PA8
Mcu.Pin22=PA9
Mcu.Pin23=PA10
Mcu.Pin24=PA11
Mcu.Pin25=PA12
Mcu.Pin26=PA13
Mcu.Pin27=PA14
Mcu.Pin28=PA15
Mcu.Pin29=PB4
Mcu.Pin3=PH0 - OSC_IN
Mcu.Pin30=PB5
Mcu.Pin31=PB6
Mcu.Pin32=PB8
Mcu.Pin33=VP_ADC1_TempSens_Input
Mcu.Pin34=VP_ADC1_Vref_Input
Mcu.Pin35=VP_RTC_VS_RTC_Activate
Mcu.Pin36=VP_RTC_VS_RTC_Calendar
Mcu.Pin37=VP_SYS_VS_Systick
Mcu.Pin38=VP_TIM2_VS_ClockSourceINT
Mcu.Pin39=VP_TIM2_VS_indirect_ch1
Mcu.Pin4=PH1 - OSC_OUT
Mcu.Pin40=VP_TIM3_VS_ClockSourceINT
Mcu.Pin41=VP_TIM4_VS_indirect_ch1
Mcu.Pin42=VP_TIM4_VS_indirect_ch3
Mcu.Pin43=VP_TIM5_VS_ClockSourceINT
Mcu.Pin44=VP_USB_DEVICE_VS_USB_DEVICE_CDC_FS
Mcu.Pin5=PA0-WKUP
Mcu.Pin6=PA1
Mcu.Pin7=PA2
Mcu.Pin8=PA3
Mcu.Pin9=PA4
Mcu.PinsNb=45
Mcu.ThirdPartyNb=0
Mcu.UserConstants=
Mcu.UserName=STM32F401CCUx
MxCube.Version=6.17.0
MxDb.Version=DB.6.0.170
NVIC.BusFault_IRQn=true\:0\:0\:false\:false\:true\:false\:false\:false
NVIC.DMA1_Stream0_IRQn=true\:0\:0\:false\:false\:true\:false\:true\:true
NVIC.DMA1_Stream5_IRQn=true\:0\:0\:false\:false\:true\:false\:true\:true
NVIC.DMA1_Stream7_IRQn=true\:0\:0\:false\:false\:true\:false\:true\:true
NVIC.DMA2_Stream0_IRQn=true\:0\:0\:false\:false\:true\:false\:true\:true
NVIC.DMA2_Stream2_IRQn=true\:0\:0\:false\:false\:true\:false\:true\:true
NVIC.DebugMonitor_IRQn=true\:0\:0\:false\:false\:true\:false\:false\:false
NVIC.ForceEnableDMAVector=true
NVIC.HardFault_IRQn=true\:0\:0\:false\:false\:true\:false\:false\:false
NVIC.MemoryManagement_IRQn=true\:0\:0\:false\:false\:true\:false\:false\:false
NVIC.NonMaskableInt_IRQn=true\:0\:0\:false\:false\:true\:false\:false\:false
NVIC.OTG_FS_IRQn=true\:0\:0\:false\:false\:true\:false\:true\:true
NVIC.PendSV_IRQn=true\:0\:0\:false\:false\:true\:false\:false\:false
NVIC.PriorityGroup=NVIC_PRIORITYGROUP_4
NVIC.SVCall_IRQn=true\:0\:0\:false\:false\:true\:false\:false\:false
NVIC.SysTick_IRQn=true\:15\:0\:false\:false\:true\:false\:true\:false
NVIC.USART1_IRQn=true\:0\:0\:false\:false\:true\:true\:true\:true
NVIC.UsageFault_IRQn=true\:0\:0\:false\:false\:true\:false\:false\:false
PA0-WKUP.GPIOParameters=GPIO_Label
PA0-WKUP.GPIO_Label=VUpstream_Anlg
PA0-WKUP.Signal=ADCx_IN0
PA1.GPIOParameters=GPIO_Label
PA1.GPIO_Label=LTC3901_Vcc_Anlg
PA1.Signal=ADCx_IN1
PA10.GPIOParameters=GPIO_Label
PA10.GPIO_Label=DEBUG_RX
PA10.Locked=true
PA10.Mode=Asynchronous
PA10.Signal=USART1_RX
PA11.Mode=Device_Only
PA11.Signal=USB_OTG_FS_DM
PA12.Mode=Device_Only
PA12.Signal=USB_OTG_FS_DP
PA13.Mode=Serial_Wire
PA13.Signal=SYS_JTMS-SWDIO
PA14.Mode=Serial_Wire
PA14.Signal=SYS_JTCK-SWCLK
PA15.GPIOParameters=GPIO_Label
PA15.GPIO_Label=LTC3901_MF_Timer
PA15.Locked=true
PA15.Signal=S_TIM2_CH1_ETR
PA2.GPIOParameters=GPIO_Label
PA2.GPIO_Label=LT8316_Vout_Anlg
PA2.Signal=ADCx_IN2
PA3.GPIOParameters=GPIO_Label
PA3.GPIO_Label=LTC3901_ME_Anlg
PA3.Signal=ADCx_IN3
PA4.GPIOParameters=GPIO_Label
PA4.GPIO_Label=LTC3901_MF_Anlg
PA4.Signal=ADCx_IN4
PA5.GPIOParameters=GPIO_Label
PA5.GPIO_Label=LT8316_Gate_Anlg
PA5.Signal=ADCx_IN5
PA6.GPIOParameters=GPIO_Label
PA6.GPIO_Label=ID5
PA6.Locked=true
PA6.Signal=GPIO_Input
PA7.GPIOParameters=GPIO_Label
PA7.GPIO_Label=ID4
PA7.Locked=true
PA7.Signal=GPIO_Input
PA8.GPIOParameters=PinState,GPIO_Label
PA8.GPIO_Label=LT8316_HV_Pwr_Enable
PA8.Locked=true
PA8.PinState=GPIO_PIN_SET
PA8.Signal=GPIO_Output
PA9.GPIOParameters=GPIO_Label
PA9.GPIO_Label=DEBUG_TX
PA9.Locked=true
PA9.Mode=Asynchronous
PA9.Signal=USART1_TX
PB0.GPIOParameters=GPIO_Label
PB0.GPIO_Label=ID3
PB0.Locked=true
PB0.Signal=GPIO_Input
PB1.GPIOParameters=GPIO_Label
PB1.GPIO_Label=ID2
PB1.Locked=true
PB1.Signal=GPIO_Input
PB10.GPIOParameters=GPIO_Label
PB10.GPIO_Label=ID0
PB10.Locked=true
PB10.Signal=GPIO_Input
PB12.GPIOParameters=GPIO_Label
PB12.GPIO_Label=BeamOn
PB12.Locked=true
PB12.Signal=GPIO_Input
PB13.GPIOParameters=PinState,GPIO_Label
PB13.GPIO_Label=LED_Green
PB13.Locked=true
PB13.PinState=GPIO_PIN_SET
PB13.Signal=GPIO_Output
PB14.GPIOParameters=PinState,GPIO_Label
PB14.GPIO_Label=LED_Red
PB14.Locked=true
PB14.PinState=GPIO_PIN_SET
PB14.Signal=GPIO_Output
PB15.GPIOParameters=GPIO_Label
PB15.GPIO_Label=nLTC3901_Pwr_Enable
PB15.Locked=true
PB15.Signal=GPIO_Output
PB2.GPIOParameters=GPIO_Label
PB2.GPIO_Label=ID1
PB2.Locked=true
PB2.Signal=GPIO_Input
PB4.GPIOParameters=GPIO_Speed,GPIO_Label
PB4.GPIO_Label=SDRA_DRV
PB4.GPIO_Speed=GPIO_SPEED_FREQ_VERY_HIGH
PB4.Locked=true
PB4.Signal=S_TIM3_CH1
PB5.GPIOParameters=GPIO_Label
PB5.GPIO_Label=SDRB_DRV
PB5.Locked=true
PB5.Signal=S_TIM3_CH2
PB6.GPIOParameters=GPIO_Label
PB6.GPIO_Label=LTC3901_ME_Timer
PB6.Signal=S_TIM4_CH1
PB8.GPIOParameters=GPIO_Label
PB8.GPIO_Label=LT8316_Gate_Timer
PB8.Signal=S_TIM4_CH3
PC13-ANTI_TAMP.GPIOParameters=PinState,GPIO_Label
PC13-ANTI_TAMP.GPIO_Label=LED_Blue
PC13-ANTI_TAMP.Locked=true
PC13-ANTI_TAMP.PinState=GPIO_PIN_SET
PC13-ANTI_TAMP.Signal=GPIO_Output
PC14-OSC32_IN.Mode=LSE-External-Oscillator
PC14-OSC32_IN.Signal=RCC_OSC32_IN
PC15-OSC32_OUT.Mode=LSE-External-Oscillator
PC15-OSC32_OUT.Signal=RCC_OSC32_OUT
PCC.Checker=false
PCC.Display=Plot\: All Steps
PCC.Line=STM32F401
PCC.MCU=STM32F401C(B-C)Ux
PCC.PartNumber=STM32F401CCUx
PCC.Series=STM32F4
PCC.Temperature=25
PCC.Vdd=3.3
PH0\ -\ OSC_IN.Mode=HSE-External-Oscillator
PH0\ -\ OSC_IN.Signal=RCC_OSC_IN
PH1\ -\ OSC_OUT.Mode=HSE-External-Oscillator
PH1\ -\ OSC_OUT.Signal=RCC_OSC_OUT
PinOutPanel.RotationAngle=0
ProjectManager.AskForMigrate=true
ProjectManager.BackupPrevious=false
ProjectManager.CompilerLinker=GCC
ProjectManager.CompilerOptimize=6
ProjectManager.ComputerToolchain=false
ProjectManager.CoupleFile=true
ProjectManager.CustomerFirmwarePackage=
ProjectManager.DefaultFWLocation=true
ProjectManager.DeletePrevious=true
ProjectManager.DeviceId=STM32F401CCUx
ProjectManager.FirmwarePackage=STM32Cube FW_F4 V1.28.3
ProjectManager.FreePins=false
ProjectManager.FreePinsContext=
ProjectManager.HalAssertFull=false
ProjectManager.HeapSize=0x200
ProjectManager.KeepUserCode=true
ProjectManager.LastFirmware=true
ProjectManager.LibraryCopy=1
ProjectManager.MainLocation=Core/Src
ProjectManager.NoMain=false
ProjectManager.PreviousToolchain=STM32CubeIDE
ProjectManager.ProjectBuild=false
ProjectManager.ProjectFileName=HC_FW_BlackPill.ioc
ProjectManager.ProjectName=HC_FW_BlackPill
ProjectManager.ProjectStructure=
ProjectManager.RegisterCallBack=
ProjectManager.StackSize=0x400
ProjectManager.TargetToolchain=CMake
ProjectManager.ToolChainLocation=
ProjectManager.UAScriptAfterPath=
ProjectManager.UAScriptBeforePath=
ProjectManager.UnderRoot=false
ProjectManager.functionlistsort=1-SystemClock_Config-RCC-false-HAL-false,2-MX_GPIO_Init-GPIO-false-HAL-true,3-MX_DMA_Init-DMA-false-HAL-true,4-MX_ADC1_Init-ADC1-false-HAL-true,5-MX_TIM2_Init-TIM2-false-HAL-true,6-MX_TIM3_Init-TIM3-false-HAL-true,7-MX_TIM4_Init-TIM4-false-HAL-true,8-MX_USART1_UART_Init-USART1-false-HAL-true,9-MX_USB_DEVICE_Init-USB_DEVICE-false-HAL-false,10-MX_TIM5_Init-TIM5-false-HAL-true,11-MX_RTC_Init-RTC-false-HAL-true
RCC.48MHZClocksFreq_Value=48000000
RCC.AHBFreq_Value=84000000
RCC.APB1CLKDivider=RCC_HCLK_DIV2
RCC.APB1Freq_Value=42000000
RCC.APB1TimFreq_Value=84000000
RCC.APB2Freq_Value=84000000
RCC.APB2TimFreq_Value=84000000
RCC.CortexFreq_Value=84000000
RCC.FCLKCortexFreq_Value=84000000
RCC.HCLKFreq_Value=84000000
RCC.HSE_VALUE=25000000
RCC.HSI_VALUE=16000000
RCC.I2SClocksFreq_Value=96000000
RCC.IPParameters=48MHZClocksFreq_Value,AHBFreq_Value,APB1CLKDivider,APB1Freq_Value,APB1TimFreq_Value,APB2Freq_Value,APB2TimFreq_Value,CortexFreq_Value,FCLKCortexFreq_Value,HCLKFreq_Value,HSE_VALUE,HSI_VALUE,I2SClocksFreq_Value,LSI_VALUE,PLLCLKFreq_Value,PLLM,PLLN,PLLP,PLLQ,PLLQCLKFreq_Value,RTCFreq_Value,RTCHSEDivFreq_Value,SYSCLKFreq_VALUE,SYSCLKSource,VCOI2SOutputFreq_Value,VCOInputFreq_Value,VCOOutputFreq_Value,VcooutputI2S
RCC.LSI_VALUE=32000
RCC.PLLCLKFreq_Value=84000000
RCC.PLLM=25
RCC.PLLN=336
RCC.PLLP=RCC_PLLP_DIV4
RCC.PLLQ=7
RCC.PLLQCLKFreq_Value=48000000
RCC.RTCFreq_Value=32000
RCC.RTCHSEDivFreq_Value=12500000
RCC.SYSCLKFreq_VALUE=84000000
RCC.SYSCLKSource=RCC_SYSCLKSOURCE_PLLCLK
RCC.VCOI2SOutputFreq_Value=192000000
RCC.VCOInputFreq_Value=1000000
RCC.VCOOutputFreq_Value=336000000
RCC.VcooutputI2S=96000000
RTC.Date=2
RTC.Format=RTC_FORMAT_BIN
RTC.Hours=5
RTC.IPParameters=Format,WeekDay,Month,Date,Hours,Minutes
RTC.Minutes=17
RTC.Month=RTC_MONTH_MAY
RTC.WeekDay=RTC_WEEKDAY_SATURDAY
SH.ADCx_IN0.0=ADC1_IN0,IN0
SH.ADCx_IN0.ConfNb=1
SH.ADCx_IN1.0=ADC1_IN1,IN1
SH.ADCx_IN1.ConfNb=1
SH.ADCx_IN2.0=ADC1_IN2,IN2
SH.ADCx_IN2.ConfNb=1
SH.ADCx_IN3.0=ADC1_IN3,IN3
SH.ADCx_IN3.ConfNb=1
SH.ADCx_IN4.0=ADC1_IN4,IN4
SH.ADCx_IN4.ConfNb=1
SH.ADCx_IN5.0=ADC1_IN5,IN5
SH.ADCx_IN5.ConfNb=1
SH.S_TIM2_CH1_ETR.0=TIM2_CH1,Input_Capture1_from_TI1
SH.S_TIM2_CH1_ETR.ConfNb=1
SH.S_TIM3_CH1.0=TIM3_CH1,Output Compare1 CH1
SH.S_TIM3_CH1.ConfNb=1
SH.S_TIM3_CH2.0=TIM3_CH2,Output Compare2 CH2
SH.S_TIM3_CH2.ConfNb=1
SH.S_TIM4_CH1.0=TIM4_CH1,Input_Capture1_from_TI1
SH.S_TIM4_CH1.ConfNb=1
SH.S_TIM4_CH3.0=TIM4_CH3,Input_Capture3_from_TI3
SH.S_TIM4_CH3.ConfNb=1
TIM2.AutoReloadPreload=TIM_AUTORELOAD_PRELOAD_DISABLE
TIM2.Channel-Input_Capture1_from_TI1=TIM_CHANNEL_1
TIM2.Channel-Input_Capture2_from_TI1_63=TIM_CHANNEL_2
TIM2.ClockDivision=TIM_CLOCKDIVISION_DIV1
TIM2.CounterMode=TIM_COUNTERMODE_UP
TIM2.ICPolarity_CH2=TIM_INPUTCHANNELPOLARITY_FALLING
TIM2.IPParameters=Prescaler,CounterMode,Period,ClockDivision,AutoReloadPreload,TIM_MasterSlaveMode,TIM_MasterOutputTrigger,Channel-Input_Capture1_from_TI1,Channel-Input_Capture2_from_TI1_63,ICPolarity_CH2
TIM2.Period=4294967295
TIM2.Prescaler=0
TIM2.TIM_MasterOutputTrigger=TIM_TRGO_RESET
TIM2.TIM_MasterSlaveMode=TIM_MASTERSLAVEMODE_DISABLE
TIM3.AutoReloadPreload=TIM_AUTORELOAD_PRELOAD_ENABLE
TIM3.Channel-Output\ Compare1\ CH1=TIM_CHANNEL_1
TIM3.Channel-Output\ Compare2\ CH2=TIM_CHANNEL_2
TIM3.ClockDivision=TIM_CLOCKDIVISION_DIV1
TIM3.CounterMode=TIM_COUNTERMODE_UP
TIM3.IPParameters=Prescaler,CounterMode,Period,ClockDivision,AutoReloadPreload,TIM_MasterSlaveMode,TIM_MasterOutputTrigger,OCPolarity_1,OCPolarity_2,Channel-Output Compare1 CH1,Channel-Output Compare2 CH2,OCMode_1,OCMode_2,OC1Preload,OC2Preload,Pulse-Output Compare1 CH1,Pulse-Output Compare2 CH2
TIM3.OC1Preload=ENABLE
TIM3.OC2Preload=ENABLE
TIM3.OCMode_1=TIM_OCMODE_TOGGLE
TIM3.OCMode_2=TIM_OCMODE_TOGGLE
TIM3.OCPolarity_1=TIM_OCPOLARITY_HIGH
TIM3.OCPolarity_2=TIM_OCPOLARITY_HIGH
TIM3.Period=167
TIM3.Prescaler=0
TIM3.Pulse-Output\ Compare1\ CH1=0
TIM3.Pulse-Output\ Compare2\ CH2=83
TIM3.TIM_MasterOutputTrigger=TIM_TRGO_RESET
TIM3.TIM_MasterSlaveMode=TIM_MASTERSLAVEMODE_DISABLE
TIM4.AutoReloadPreload=TIM_AUTORELOAD_PRELOAD_DISABLE
TIM4.Channel-Input_Capture1_from_TI1=TIM_CHANNEL_1
TIM4.Channel-Input_Capture2_from_TI1_63=TIM_CHANNEL_2
TIM4.Channel-Input_Capture3_from_TI3=TIM_CHANNEL_3
TIM4.Channel-Input_Capture4_from_TI3_63=TIM_CHANNEL_4
TIM4.ClockDivision=TIM_CLOCKDIVISION_DIV1
TIM4.CounterMode=TIM_COUNTERMODE_UP
TIM4.ICFilter_CH1=0
TIM4.ICFilter_CH3=0
TIM4.ICPolarity_CH1=TIM_INPUTCHANNELPOLARITY_RISING
TIM4.ICPolarity_CH2=TIM_INPUTCHANNELPOLARITY_FALLING
TIM4.ICPolarity_CH3=TIM_INPUTCHANNELPOLARITY_RISING
TIM4.ICPolarity_CH4=TIM_INPUTCHANNELPOLARITY_FALLING
TIM4.ICPrescaler-Input_Capture1_from_TI1=TIM_ICPSC_DIV1
TIM4.ICPrescaler-Input_Capture3_from_TI3=TIM_ICPSC_DIV1
TIM4.ICSelection-Input_Capture1_from_TI1=TIM_ICSELECTION_DIRECTTI
TIM4.ICSelection-Input_Capture3_from_TI3=TIM_ICSELECTION_DIRECTTI
TIM4.IPParameters=Prescaler,CounterMode,Period,ClockDivision,AutoReloadPreload,TIM_MasterSlaveMode,TIM_MasterOutputTrigger,ICPolarity_CH1,ICSelection-Input_Capture1_from_TI1,ICPrescaler-Input_Capture1_from_TI1,ICFilter_CH1,ICPolarity_CH2,ICPolarity_CH3,ICSelection-Input_Capture3_from_TI3,ICPrescaler-Input_Capture3_from_TI3,ICFilter_CH3,Channel-Input_Capture1_from_TI1,Channel-Input_Capture3_from_TI3,Channel-Input_Capture4_from_TI3_63,Channel-Input_Capture2_from_TI1_63,ICPolarity_CH4
TIM4.Period=65535
TIM4.Prescaler=0
TIM4.TIM_MasterOutputTrigger=TIM_TRGO_RESET
TIM4.TIM_MasterSlaveMode=TIM_MASTERSLAVEMODE_DISABLE
USART1.BaudRate=115200
USART1.IPParameters=BaudRate,WordLength,Parity,StopBits,Mode,OverSampling,VirtualMode
USART1.Mode=MODE_TX_RX
USART1.OverSampling=UART_OVERSAMPLING_16
USART1.Parity=PARITY_NONE
USART1.StopBits=STOPBITS_1
USART1.VirtualMode=VM_ASYNC
USART1.WordLength=WORDLENGTH_8B
USB_DEVICE.CLASS_NAME_FS=CDC
USB_DEVICE.IPParameters=VirtualMode,VirtualModeFS,CLASS_NAME_FS
USB_DEVICE.VirtualMode=Cdc
USB_DEVICE.VirtualModeFS=Cdc_FS
USB_OTG_FS.IPParameters=VirtualMode
USB_OTG_FS.VirtualMode=Device_Only
VP_ADC1_TempSens_Input.Mode=IN-TempSens
VP_ADC1_TempSens_Input.Signal=ADC1_TempSens_Input
VP_ADC1_Vref_Input.Mode=IN-Vrefint
VP_ADC1_Vref_Input.Signal=ADC1_Vref_Input
VP_RTC_VS_RTC_Activate.Mode=RTC_Enabled
VP_RTC_VS_RTC_Activate.Signal=RTC_VS_RTC_Activate
VP_RTC_VS_RTC_Calendar.Mode=RTC_Calendar
VP_RTC_VS_RTC_Calendar.Signal=RTC_VS_RTC_Calendar
VP_SYS_VS_Systick.Mode=SysTick
VP_SYS_VS_Systick.Signal=SYS_VS_Systick
VP_TIM2_VS_ClockSourceINT.Mode=Internal
VP_TIM2_VS_ClockSourceINT.Signal=TIM2_VS_ClockSourceINT
VP_TIM2_VS_indirect_ch1.Mode=Input_Capture2_from_TI1_63
VP_TIM2_VS_indirect_ch1.Signal=TIM2_VS_indirect_ch1
VP_TIM3_VS_ClockSourceINT.Mode=Internal
VP_TIM3_VS_ClockSourceINT.Signal=TIM3_VS_ClockSourceINT
VP_TIM4_VS_indirect_ch1.Mode=Input_Capture2_from_TI1_63
VP_TIM4_VS_indirect_ch1.Signal=TIM4_VS_indirect_ch1
VP_TIM4_VS_indirect_ch3.Mode=Input_Capture4_from_TI3_63
VP_TIM4_VS_indirect_ch3.Signal=TIM4_VS_indirect_ch3
VP_TIM5_VS_ClockSourceINT.Mode=Internal
VP_TIM5_VS_ClockSourceINT.Signal=TIM5_VS_ClockSourceINT
VP_USB_DEVICE_VS_USB_DEVICE_CDC_FS.Mode=CDC_FS
VP_USB_DEVICE_VS_USB_DEVICE_CDC_FS.Signal=USB_DEVICE_VS_USB_DEVICE_CDC_FS
board=custom
